
Microsoft Visual Studio Solution File, Format Version 12.00
# Visual Studio Version 17
VisualStudioVersion = 17.14.37216.2 d17.14
MinimumVisualStudioVersion = 10.0.40219.1
Project("{FAE04EC0-301F-11D3-BF4B-00C04F79EFBC}") = "PracticeApp33", "PracticeApp33\PracticeApp33.csproj", "{22AFAA08-1C3D-4C66-A0CD-6A413B5B2985}"
EndProject
Global
	GlobalSection(SolutionConfigurationPlatforms) = preSolution
		Debug|Any CPU = Debug|Any CPU
		Release|Any CPU = Release|Any CPU
	EndGlobalSection
	GlobalSection(ProjectConfigurationPlatforms) = postSolution
		{22AFAA08-1C3D-4C66-A0CD-6A413B5B2985}.Debug|Any CPU.ActiveCfg = Debug|Any CPU
		{22AFAA08-1C3D-4C66-A0CD-6A413B5B2985}.Debug|Any CPU.Build.0 = Debug|Any CPU
		{22AFAA08-1C3D-4C66-A0CD-6A413B5B2985}.Release|Any CPU.ActiveCfg = Release|Any CPU
		{22AFAA08-1C3D-4C66-A0CD-6A413B5B2985}.Release|Any CPU.Build.0 = Release|Any CPU
	EndGlobalSection
	GlobalSection(SolutionProperties) = preSolution
		HideSolutionNode = FALSE
	EndGlobalSection
	GlobalSection(ExtensibilityGlobals) = postSolution
		SolutionGuid = {EB29F029-39B3-4F5A-998F-2EF376F3459D}
	EndGlobalSection
EndGlobal
