
Microsoft Visual Studio Solution File, Format Version 12.00
# Visual Studio Version 17
VisualStudioVersion = 17.14.37216.2 d17.14
MinimumVisualStudioVersion = 10.0.40219.1
Project("{FAE04EC0-301F-11D3-BF4B-00C04F79EFBC}") = "PracticeApp36", "PracticeApp36\PracticeApp36.csproj", "{E5104A7F-C854-49C0-A0F3-D9F1052C2BD7}"
EndProject
Global
	GlobalSection(SolutionConfigurationPlatforms) = preSolution
		Debug|Any CPU = Debug|Any CPU
		Release|Any CPU = Release|Any CPU
	EndGlobalSection
	GlobalSection(ProjectConfigurationPlatforms) = postSolution
		{E5104A7F-C854-49C0-A0F3-D9F1052C2BD7}.Debug|Any CPU.ActiveCfg = Debug|Any CPU
		{E5104A7F-C854-49C0-A0F3-D9F1052C2BD7}.Debug|Any CPU.Build.0 = Debug|Any CPU
		{E5104A7F-C854-49C0-A0F3-D9F1052C2BD7}.Release|Any CPU.ActiveCfg = Release|Any CPU
		{E5104A7F-C854-49C0-A0F3-D9F1052C2BD7}.Release|Any CPU.Build.0 = Release|Any CPU
	EndGlobalSection
	GlobalSection(SolutionProperties) = preSolution
		HideSolutionNode = FALSE
	EndGlobalSection
	GlobalSection(ExtensibilityGlobals) = postSolution
		SolutionGuid = {A55D8EED-C55B-4E45-A2B4-BA1123DE4671}
	EndGlobalSection
EndGlobal
