
Microsoft Visual Studio Solution File, Format Version 12.00
# Visual Studio Version 17
VisualStudioVersion = 17.13.35806.99 d17.13
MinimumVisualStudioVersion = 10.0.40219.1
Project("{FAE04EC0-301F-11D3-BF4B-00C04F79EFBC}") = "CircleInSquareApplication", "CircleInSquareApplication\CircleInSquareApplication.csproj", "{8AEE807B-6255-4CC2-B852-A41D81A02F54}"
EndProject
Global
	GlobalSection(SolutionConfigurationPlatforms) = preSolution
		Debug|Any CPU = Debug|Any CPU
		Release|Any CPU = Release|Any CPU
	EndGlobalSection
	GlobalSection(ProjectConfigurationPlatforms) = postSolution
		{8AEE807B-6255-4CC2-B852-A41D81A02F54}.Debug|Any CPU.ActiveCfg = Debug|Any CPU
		{8AEE807B-6255-4CC2-B852-A41D81A02F54}.Debug|Any CPU.Build.0 = Debug|Any CPU
		{8AEE807B-6255-4CC2-B852-A41D81A02F54}.Release|Any CPU.ActiveCfg = Release|Any CPU
		{8AEE807B-6255-4CC2-B852-A41D81A02F54}.Release|Any CPU.Build.0 = Release|Any CPU
	EndGlobalSection
	GlobalSection(SolutionProperties) = preSolution
		HideSolutionNode = FALSE
	EndGlobalSection
	GlobalSection(ExtensibilityGlobals) = postSolution
		SolutionGuid = {EA9825D0-913B-4D77-A47C-8F3E484324E5}
	EndGlobalSection
EndGlobal
