
Microsoft Visual Studio Solution File, Format Version 12.00
# Visual Studio Version 17
VisualStudioVersion = 17.14.37216.2 d17.14
MinimumVisualStudioVersion = 10.0.40219.1
Project("{FAE04EC0-301F-11D3-BF4B-00C04F79EFBC}") = "PracticeApp31", "PracticeApp31\PracticeApp31.csproj", "{7CAAF596-DB66-4BB1-B76B-616889899AEB}"
EndProject
Global
	GlobalSection(SolutionConfigurationPlatforms) = preSolution
		Debug|Any CPU = Debug|Any CPU
		Release|Any CPU = Release|Any CPU
	EndGlobalSection
	GlobalSection(ProjectConfigurationPlatforms) = postSolution
		{7CAAF596-DB66-4BB1-B76B-616889899AEB}.Debug|Any CPU.ActiveCfg = Debug|Any CPU
		{7CAAF596-DB66-4BB1-B76B-616889899AEB}.Debug|Any CPU.Build.0 = Debug|Any CPU
		{7CAAF596-DB66-4BB1-B76B-616889899AEB}.Release|Any CPU.ActiveCfg = Release|Any CPU
		{7CAAF596-DB66-4BB1-B76B-616889899AEB}.Release|Any CPU.Build.0 = Release|Any CPU
	EndGlobalSection
	GlobalSection(SolutionProperties) = preSolution
		HideSolutionNode = FALSE
	EndGlobalSection
	GlobalSection(ExtensibilityGlobals) = postSolution
		SolutionGuid = {2AB5DF1C-AD9B-4BCB-B8A4-23E680C9EF87}
	EndGlobalSection
EndGlobal
