
Microsoft Visual Studio Solution File, Format Version 12.00
# Visual Studio Version 17
VisualStudioVersion = 17.14.36811.4 d17.14
MinimumVisualStudioVersion = 10.0.40219.1
Project("{FAE04EC0-301F-11D3-BF4B-00C04F79EFBC}") = "PracticeApp24", "PracticeApp24\PracticeApp24.csproj", "{950053B2-2B09-4896-AF69-94AB1E408559}"
EndProject
Global
	GlobalSection(SolutionConfigurationPlatforms) = preSolution
		Debug|Any CPU = Debug|Any CPU
		Release|Any CPU = Release|Any CPU
	EndGlobalSection
	GlobalSection(ProjectConfigurationPlatforms) = postSolution
		{950053B2-2B09-4896-AF69-94AB1E408559}.Debug|Any CPU.ActiveCfg = Debug|Any CPU
		{950053B2-2B09-4896-AF69-94AB1E408559}.Debug|Any CPU.Build.0 = Debug|Any CPU
		{950053B2-2B09-4896-AF69-94AB1E408559}.Release|Any CPU.ActiveCfg = Release|Any CPU
		{950053B2-2B09-4896-AF69-94AB1E408559}.Release|Any CPU.Build.0 = Release|Any CPU
	EndGlobalSection
	GlobalSection(SolutionProperties) = preSolution
		HideSolutionNode = FALSE
	EndGlobalSection
	GlobalSection(ExtensibilityGlobals) = postSolution
		SolutionGuid = {D5DBEC70-3509-47AF-B13A-59CC55F7990C}
	EndGlobalSection
EndGlobal
