
Microsoft Visual Studio Solution File, Format Version 12.00
# Visual Studio Version 17
VisualStudioVersion = 17.13.35806.99 d17.13
MinimumVisualStudioVersion = 10.0.40219.1
Project("{FAE04EC0-301F-11D3-BF4B-00C04F79EFBC}") = "StringExamples", "StringExamples\StringExamples.csproj", "{9133474E-51C2-4010-97F4-4A2C6F24D4A8}"
EndProject
Global
	GlobalSection(SolutionConfigurationPlatforms) = preSolution
		Debug|Any CPU = Debug|Any CPU
		Release|Any CPU = Release|Any CPU
	EndGlobalSection
	GlobalSection(ProjectConfigurationPlatforms) = postSolution
		{9133474E-51C2-4010-97F4-4A2C6F24D4A8}.Debug|Any CPU.ActiveCfg = Debug|Any CPU
		{9133474E-51C2-4010-97F4-4A2C6F24D4A8}.Debug|Any CPU.Build.0 = Debug|Any CPU
		{9133474E-51C2-4010-97F4-4A2C6F24D4A8}.Release|Any CPU.ActiveCfg = Release|Any CPU
		{9133474E-51C2-4010-97F4-4A2C6F24D4A8}.Release|Any CPU.Build.0 = Release|Any CPU
	EndGlobalSection
	GlobalSection(SolutionProperties) = preSolution
		HideSolutionNode = FALSE
	EndGlobalSection
	GlobalSection(ExtensibilityGlobals) = postSolution
		SolutionGuid = {5F5D7148-3F3E-4BC4-B71D-5AB38645BF92}
	EndGlobalSection
EndGlobal
