
Microsoft Visual Studio Solution File, Format Version 12.00
# Visual Studio Version 17
VisualStudioVersion = 17.14.36811.4 d17.14
MinimumVisualStudioVersion = 10.0.40219.1
Project("{FAE04EC0-301F-11D3-BF4B-00C04F79EFBC}") = "PracticeApp26", "PracticeApp26\PracticeApp26.csproj", "{761275D4-A5F1-4E56-A346-07A6811382D7}"
EndProject
Global
	GlobalSection(SolutionConfigurationPlatforms) = preSolution
		Debug|Any CPU = Debug|Any CPU
		Release|Any CPU = Release|Any CPU
	EndGlobalSection
	GlobalSection(ProjectConfigurationPlatforms) = postSolution
		{761275D4-A5F1-4E56-A346-07A6811382D7}.Debug|Any CPU.ActiveCfg = Debug|Any CPU
		{761275D4-A5F1-4E56-A346-07A6811382D7}.Debug|Any CPU.Build.0 = Debug|Any CPU
		{761275D4-A5F1-4E56-A346-07A6811382D7}.Release|Any CPU.ActiveCfg = Release|Any CPU
		{761275D4-A5F1-4E56-A346-07A6811382D7}.Release|Any CPU.Build.0 = Release|Any CPU
	EndGlobalSection
	GlobalSection(SolutionProperties) = preSolution
		HideSolutionNode = FALSE
	EndGlobalSection
	GlobalSection(ExtensibilityGlobals) = postSolution
		SolutionGuid = {00A2B5AC-6088-4157-8C97-BFFA2D5FA303}
	EndGlobalSection
EndGlobal
