
Microsoft Visual Studio Solution File, Format Version 12.00
# Visual Studio Version 17
VisualStudioVersion = 17.13.35931.197 d17.13
MinimumVisualStudioVersion = 10.0.40219.1
Project("{FAE04EC0-301F-11D3-BF4B-00C04F79EFBC}") = "PracticeApp08", "PracticeApp08\PracticeApp08.csproj", "{994F6926-5410-4308-802C-F142A35AB966}"
EndProject
Global
	GlobalSection(SolutionConfigurationPlatforms) = preSolution
		Debug|Any CPU = Debug|Any CPU
		Release|Any CPU = Release|Any CPU
	EndGlobalSection
	GlobalSection(ProjectConfigurationPlatforms) = postSolution
		{994F6926-5410-4308-802C-F142A35AB966}.Debug|Any CPU.ActiveCfg = Debug|Any CPU
		{994F6926-5410-4308-802C-F142A35AB966}.Debug|Any CPU.Build.0 = Debug|Any CPU
		{994F6926-5410-4308-802C-F142A35AB966}.Release|Any CPU.ActiveCfg = Release|Any CPU
		{994F6926-5410-4308-802C-F142A35AB966}.Release|Any CPU.Build.0 = Release|Any CPU
	EndGlobalSection
	GlobalSection(SolutionProperties) = preSolution
		HideSolutionNode = FALSE
	EndGlobalSection
	GlobalSection(ExtensibilityGlobals) = postSolution
		SolutionGuid = {35E3676D-2DB6-460A-B018-2CD8BFE92C4C}
	EndGlobalSection
EndGlobal
