
Microsoft Visual Studio Solution File, Format Version 12.00
# Visual Studio Version 17
VisualStudioVersion = 17.14.37216.2 d17.14
MinimumVisualStudioVersion = 10.0.40219.1
Project("{FAE04EC0-301F-11D3-BF4B-00C04F79EFBC}") = "PracticeApp38", "PracticeApp38\PracticeApp38.csproj", "{B83877CE-F7E9-4A2F-9DA7-5B21203AC556}"
EndProject
Global
	GlobalSection(SolutionConfigurationPlatforms) = preSolution
		Debug|Any CPU = Debug|Any CPU
		Release|Any CPU = Release|Any CPU
	EndGlobalSection
	GlobalSection(ProjectConfigurationPlatforms) = postSolution
		{B83877CE-F7E9-4A2F-9DA7-5B21203AC556}.Debug|Any CPU.ActiveCfg = Debug|Any CPU
		{B83877CE-F7E9-4A2F-9DA7-5B21203AC556}.Debug|Any CPU.Build.0 = Debug|Any CPU
		{B83877CE-F7E9-4A2F-9DA7-5B21203AC556}.Release|Any CPU.ActiveCfg = Release|Any CPU
		{B83877CE-F7E9-4A2F-9DA7-5B21203AC556}.Release|Any CPU.Build.0 = Release|Any CPU
	EndGlobalSection
	GlobalSection(SolutionProperties) = preSolution
		HideSolutionNode = FALSE
	EndGlobalSection
	GlobalSection(ExtensibilityGlobals) = postSolution
		SolutionGuid = {A6023A91-AF4D-4750-B8F1-CD823BC3DF56}
	EndGlobalSection
EndGlobal
