
Microsoft Visual Studio Solution File, Format Version 12.00
# Visual Studio Version 17
VisualStudioVersion = 17.14.37216.2 d17.14
MinimumVisualStudioVersion = 10.0.40219.1
Project("{FAE04EC0-301F-11D3-BF4B-00C04F79EFBC}") = "PracticeApp34", "PracticeApp34\PracticeApp34.csproj", "{7599BB5F-A4C7-4FD4-89A6-E31A828B4FB1}"
EndProject
Global
	GlobalSection(SolutionConfigurationPlatforms) = preSolution
		Debug|Any CPU = Debug|Any CPU
		Release|Any CPU = Release|Any CPU
	EndGlobalSection
	GlobalSection(ProjectConfigurationPlatforms) = postSolution
		{7599BB5F-A4C7-4FD4-89A6-E31A828B4FB1}.Debug|Any CPU.ActiveCfg = Debug|Any CPU
		{7599BB5F-A4C7-4FD4-89A6-E31A828B4FB1}.Debug|Any CPU.Build.0 = Debug|Any CPU
		{7599BB5F-A4C7-4FD4-89A6-E31A828B4FB1}.Release|Any CPU.ActiveCfg = Release|Any CPU
		{7599BB5F-A4C7-4FD4-89A6-E31A828B4FB1}.Release|Any CPU.Build.0 = Release|Any CPU
	EndGlobalSection
	GlobalSection(SolutionProperties) = preSolution
		HideSolutionNode = FALSE
	EndGlobalSection
	GlobalSection(ExtensibilityGlobals) = postSolution
		SolutionGuid = {EDD14D90-803E-4E2D-B77F-60C81DF8FF70}
	EndGlobalSection
EndGlobal
